<?xml version="1.0" encoding="utf-8"?>
<Project ToolsVersion="4.0" xmlns="http://schemas.microsoft.com/developer/msbuild/2003">
  <ItemGroup>
    <Filter Include="Source Files">
      <UniqueIdentifier>{4FC737F1-C7A5-4376-A066-2A32D752A2FF}</UniqueIdentifier>
      <Extensions>cpp;c;cc;cxx;def;odl;idl;hpj;bat;asm;asmx</Extensions>
    </Filter>
    <Filter Include="Header Files">
      <UniqueIdentifier>{93995380-89BD-4b04-88EB-625FBE52EBFB}</UniqueIdentifier>
      <Extensions>h;hh;hpp;hxx;hm;inl;inc;xsd</Extensions>
    </Filter>
    <Filter Include="Resource Files">
      <UniqueIdentifier>{67DA6AB6-F800-4c08-8B7A-83BB121AAD01}</UniqueIdentifier>
      <Extensions>rc;ico;cur;bmp;dlg;rc2;rct;bin;rgs;gif;jpg;jpeg;jpe;resx;tiff;tif;png;wav;mfcribbon-ms</Extensions>
    </Filter>
  </ItemGroup>
  <ItemGroup>
    <ClInclude Include="Engine\src\Api.h">
      <Filter>Source Files</Filter>
    </ClInclude>
    <ClInclude Include="Engine\src\Camera.h">
      <Filter>Source Files</Filter>
    </ClInclude>
    <ClInclude Include="Engine\src\Cloth.h">
      <Filter>Source Files</Filter>
    </ClInclude>
    <ClInclude Include="Engine\src\D3D.h">
      <Filter>Source Files</Filter>
    </ClInclude>
    <ClInclude Include="Engine\src\Engine.h">
      <Filter>Source Files</Filter>
    </ClInclude>
    <ClInclude Include="Engine\src\Font.h">
      <Filter>Source Files</Filter>
    </ClInclude>
    <ClInclude Include="Engine\src\FontShader.h">
      <Filter>Source Files</Filter>
    </ClInclude>
    <ClInclude Include="Engine\src\Input.h">
      <Filter>Source Files</Filter>
    </ClInclude>
    <ClInclude Include="Engine\src\Light.h">
      <Filter>Source Files</Filter>
    </ClInclude>
    <ClInclude Include="Engine\src\modelclass.h">
      <Filter>Source Files</Filter>
    </ClInclude>
    <ClInclude Include="Engine\src\Renderer.h">
      <Filter>Source Files</Filter>
    </ClInclude>
    <ClInclude Include="Engine\src\Solver.h">
      <Filter>Source Files</Filter>
    </ClInclude>
    <ClInclude Include="Engine\src\TessellationShader.h">
      <Filter>Source Files</Filter>
    </ClInclude>
    <ClInclude Include="Engine\src\Text.h">
      <Filter>Source Files</Filter>
    </ClInclude>
    <ClInclude Include="Engine\src\Texture.h">
      <Filter>Source Files</Filter>
    </ClInclude>
    <ClInclude Include="Engine\src\TextureShader.h">
      <Filter>Source Files</Filter>
    </ClInclude>
  </ItemGroup>
  <ItemGroup>
    <ClCompile Include="Engine\src\Camera.cpp">
      <Filter>Source Files</Filter>
    </ClCompile>
    <ClCompile Include="Engine\src\Cloth.cpp">
      <Filter>Source Files</Filter>
    </ClCompile>
    <ClCompile Include="Engine\src\D3D.cpp">
      <Filter>Source Files</Filter>
    </ClCompile>
    <ClCompile Include="Engine\src\Engine.cpp">
      <Filter>Source Files</Filter>
    </ClCompile>
    <ClCompile Include="Engine\src\Font.cpp">
      <Filter>Source Files</Filter>
    </ClCompile>
    <ClCompile Include="Engine\src\FontShader.cpp">
      <Filter>Source Files</Filter>
    </ClCompile>
    <ClCompile Include="Engine\src\Input.cpp">
      <Filter>Source Files</Filter>
    </ClCompile>
    <ClCompile Include="Engine\src\Light.cpp">
      <Filter>Source Files</Filter>
    </ClCompile>
    <ClCompile Include="Engine\src\main.cpp">
      <Filter>Source Files</Filter>
    </ClCompile>
    <ClCompile Include="Engine\src\modelclass.cpp">
      <Filter>Source Files</Filter>
    </ClCompile>
    <ClCompile Include="Engine\src\Renderer.cpp">
      <Filter>Source Files</Filter>
    </ClCompile>
    <ClCompile Include="Engine\src\Solver.cpp">
      <Filter>Source Files</Filter>
    </ClCompile>
    <ClCompile Include="Engine\src\TessellationShader.cpp">
      <Filter>Source Files</Filter>
    </ClCompile>
    <ClCompile Include="Engine\src\Text.cpp">
      <Filter>Source Files</Filter>
    </ClCompile>
    <ClCompile Include="Engine\src\Texture.cpp">
      <Filter>Source Files</Filter>
    </ClCompile>
    <ClCompile Include="Engine\src\TextureShader.cpp">
      <Filter>Source Files</Filter>
    </ClCompile>
  </ItemGroup>
</Project>